{
  "pins" : [
    {
      "identity" : "alamofire",
      "kind" : "remoteSourceControl",
      "location" : "https://github.com/Alamofire/Alamofire.git",
      "state" : {
        "revision" : "7595cbcf59809f9977c5f6378500de2ad73b7ddb",
        "version" : "5.12.0"
      }
    },
    {
      "identity" : "xmlcoder",
      "kind" : "remoteSourceControl",
      "location" : "https://github.com/CoreOffice/XMLCoder.git",
      "state" : {
        "revision" : "42f62383dbcd074440cb1f6a750b9c02df9e7325",
        "version" : "0.18.2"
      }
    }
  ],
  "version" : 2
}
